// !$*UTF8*$!
{
	archiveVersion = 1;
	classes = {
	};
	objectVersion = 56;
	objects = {

/* Begin PBXBuildFile section */
		673D809C2BF8CECE006D20F9 /* SplitSuite in Frameworks */ = {isa = PBXBuildFile; productRef = 673D809B2BF8CECE006D20F9 /* SplitSuite */; };
		673D809F2BF8CF42006D20F9 /* SplitRum in Frameworks */ = {isa = PBXBuildFile; productRef = 673D809E2BF8CF42006D20F9 /* SplitRum */; };
		673D80A22BF8CF76006D20F9 /* Split in Frameworks */ = {isa = PBXBuildFile; productRef = 673D80A12BF8CF76006D20F9 /* Split */; };
		67DD27A02BF2CE1700ADEDE5 /* Assets.xcassets in Resources */ = {isa = PBXBuildFile; fileRef = 67DD279F2BF2CE1700ADEDE5 /* Assets.xcassets */; };
		67DD27A32BF2CE1700ADEDE5 /* Preview Assets.xcassets in Resources */ = {isa = PBXBuildFile; fileRef = 67DD27A22BF2CE1700ADEDE5 /* Preview Assets.xcassets */; };
		67DD27C62BF2CF1300ADEDE5 /* CoffeeTrackeriOSApp.swift in Sources */ = {isa = PBXBuildFile; fileRef = 67DD27C52BF2CF1300ADEDE5 /* CoffeeTrackeriOSApp.swift */; };
		67DD27FC2BF2F92700ADEDE5 /* CoffeeTrackeriOSUITests.swift in Sources */ = {isa = PBXBuildFile; fileRef = 67DD27FB2BF2F92600ADEDE5 /* CoffeeTrackeriOSUITests.swift */; };
		67DD27FE2BF2F96800ADEDE5 /* CoffeeTrackeriOSUITestsLaunchTests.swift in Sources */ = {isa = PBXBuildFile; fileRef = 67DD27FD2BF2F96800ADEDE5 /* CoffeeTrackeriOSUITestsLaunchTests.swift */; };
		67DD28012BF2FB5100ADEDE5 /* CoffeeTrackeriOSTests.swift in Sources */ = {isa = PBXBuildFile; fileRef = 67DD28002BF2FB5100ADEDE5 /* CoffeeTrackeriOSTests.swift */; };
		67DD280C2BF2FEC900ADEDE5 /* CoffeeTrackerView.swift in Sources */ = {isa = PBXBuildFile; fileRef = 67DD28042BF2FEC900ADEDE5 /* CoffeeTrackerView.swift */; };
		67DD280D2BF2FEC900ADEDE5 /* CoffeeTrackerViewAsync.swift in Sources */ = {isa = PBXBuildFile; fileRef = 67DD28052BF2FEC900ADEDE5 /* CoffeeTrackerViewAsync.swift */; };
		67DD28102BF2FEC900ADEDE5 /* ContentViewAsync.swift in Sources */ = {isa = PBXBuildFile; fileRef = 67DD28082BF2FEC900ADEDE5 /* ContentViewAsync.swift */; };
		67DD28112BF2FEC900ADEDE5 /* DrinkListView.swift in Sources */ = {isa = PBXBuildFile; fileRef = 67DD28092BF2FEC900ADEDE5 /* DrinkListView.swift */; };
		67DD28122BF2FEC900ADEDE5 /* DrinkListViewAsync.swift in Sources */ = {isa = PBXBuildFile; fileRef = 67DD280A2BF2FEC900ADEDE5 /* DrinkListViewAsync.swift */; };
		67DD281B2BF2FEF100ADEDE5 /* Drink.swift in Sources */ = {isa = PBXBuildFile; fileRef = 67DD28182BF2FEF100ADEDE5 /* Drink.swift */; };
		67DD281C2BF2FEF100ADEDE5 /* DrinkType.swift in Sources */ = {isa = PBXBuildFile; fileRef = 67DD28192BF2FEF100ADEDE5 /* DrinkType.swift */; };
		67DD281E2BF2FEFF00ADEDE5 /* CoffeeData.swift in Sources */ = {isa = PBXBuildFile; fileRef = 67DD281D2BF2FEFF00ADEDE5 /* CoffeeData.swift */; };
		67DD28202BF2FF0800ADEDE5 /* CoffeeDataAsync.swift in Sources */ = {isa = PBXBuildFile; fileRef = 67DD281F2BF2FF0800ADEDE5 /* CoffeeDataAsync.swift */; };
		67DD282A2BF3154200ADEDE5 /* HealthKitController.swift in Sources */ = {isa = PBXBuildFile; fileRef = 67DD28252BF3154200ADEDE5 /* HealthKitController.swift */; };
		67DD282B2BF3154200ADEDE5 /* HealthKitControllerAsync.swift in Sources */ = {isa = PBXBuildFile; fileRef = 67DD28262BF3154200ADEDE5 /* HealthKitControllerAsync.swift */; };
		67DD282C2BF3154200ADEDE5 /* HostingController.swift in Sources */ = {isa = PBXBuildFile; fileRef = 67DD28272BF3154200ADEDE5 /* HostingController.swift */; };
		67DD282D2BF3154200ADEDE5 /* SplitWrapper.swift in Sources */ = {isa = PBXBuildFile; fileRef = 67DD28282BF3154200ADEDE5 /* SplitWrapper.swift */; };
		67DD282F2BF31FA700ADEDE5 /* ContentView.swift in Sources */ = {isa = PBXBuildFile; fileRef = 67DD282E2BF31FA700ADEDE5 /* ContentView.swift */; };
/* End PBXBuildFile section */

/* Begin PBXContainerItemProxy section */
		67DD27E92BF2F60600ADEDE5 /* PBXContainerItemProxy */ = {
			isa = PBXContainerItemProxy;
			containerPortal = 67DD27902BF2CE1600ADEDE5 /* Project object */;
			proxyType = 1;
			remoteGlobalIDString = 67DD27972BF2CE1600ADEDE5;
			remoteInfo = "Coffee Tracker iOS";
		};
		67DD27F62BF2F69100ADEDE5 /* PBXContainerItemProxy */ = {
			isa = PBXContainerItemProxy;
			containerPortal = 67DD27902BF2CE1600ADEDE5 /* Project object */;
			proxyType = 1;
			remoteGlobalIDString = 67DD27972BF2CE1600ADEDE5;
			remoteInfo = "Coffee Tracker iOS";
		};
/* End PBXContainerItemProxy section */

/* Begin PBXFileReference section */
		67DD27982BF2CE1600ADEDE5 /* Coffee Tracker iOS.app */ = {isa = PBXFileReference; explicitFileType = wrapper.application; includeInIndex = 0; path = "Coffee Tracker iOS.app"; sourceTree = BUILT_PRODUCTS_DIR; };
		67DD279F2BF2CE1700ADEDE5 /* Assets.xcassets */ = {isa = PBXFileReference; lastKnownFileType = folder.assetcatalog; path = Assets.xcassets; sourceTree = "<group>"; };
		67DD27A22BF2CE1700ADEDE5 /* Preview Assets.xcassets */ = {isa = PBXFileReference; lastKnownFileType = folder.assetcatalog; path = "Preview Assets.xcassets"; sourceTree = "<group>"; };
		67DD27C52BF2CF1300ADEDE5 /* CoffeeTrackeriOSApp.swift */ = {isa = PBXFileReference; fileEncoding = 4; lastKnownFileType = sourcecode.swift; path = CoffeeTrackeriOSApp.swift; sourceTree = "<group>"; };
		67DD27E32BF2F60500ADEDE5 /* Coffee Tracker iOS UI Tests.xctest */ = {isa = PBXFileReference; explicitFileType = wrapper.cfbundle; includeInIndex = 0; path = "Coffee Tracker iOS UI Tests.xctest"; sourceTree = BUILT_PRODUCTS_DIR; };
		67DD27F22BF2F69100ADEDE5 /* Coffee Tracker iOS Tests.xctest */ = {isa = PBXFileReference; explicitFileType = wrapper.cfbundle; includeInIndex = 0; path = "Coffee Tracker iOS Tests.xctest"; sourceTree = BUILT_PRODUCTS_DIR; };
		67DD27FB2BF2F92600ADEDE5 /* CoffeeTrackeriOSUITests.swift */ = {isa = PBXFileReference; fileEncoding = 4; lastKnownFileType = sourcecode.swift; path = CoffeeTrackeriOSUITests.swift; sourceTree = "<group>"; };
		67DD27FD2BF2F96800ADEDE5 /* CoffeeTrackeriOSUITestsLaunchTests.swift */ = {isa = PBXFileReference; fileEncoding = 4; lastKnownFileType = sourcecode.swift; path = CoffeeTrackeriOSUITestsLaunchTests.swift; sourceTree = "<group>"; };
		67DD28002BF2FB5100ADEDE5 /* CoffeeTrackeriOSTests.swift */ = {isa = PBXFileReference; fileEncoding = 4; lastKnownFileType = sourcecode.swift; path = CoffeeTrackeriOSTests.swift; sourceTree = "<group>"; };
		67DD28042BF2FEC900ADEDE5 /* CoffeeTrackerView.swift */ = {isa = PBXFileReference; fileEncoding = 4; lastKnownFileType = sourcecode.swift; path = CoffeeTrackerView.swift; sourceTree = "<group>"; };
		67DD28052BF2FEC900ADEDE5 /* CoffeeTrackerViewAsync.swift */ = {isa = PBXFileReference; fileEncoding = 4; lastKnownFileType = sourcecode.swift; path = CoffeeTrackerViewAsync.swift; sourceTree = "<group>"; };
		67DD28082BF2FEC900ADEDE5 /* ContentViewAsync.swift */ = {isa = PBXFileReference; fileEncoding = 4; lastKnownFileType = sourcecode.swift; path = ContentViewAsync.swift; sourceTree = "<group>"; };
		67DD28092BF2FEC900ADEDE5 /* DrinkListView.swift */ = {isa = PBXFileReference; fileEncoding = 4; lastKnownFileType = sourcecode.swift; path = DrinkListView.swift; sourceTree = "<group>"; };
		67DD280A2BF2FEC900ADEDE5 /* DrinkListViewAsync.swift */ = {isa = PBXFileReference; fileEncoding = 4; lastKnownFileType = sourcecode.swift; path = DrinkListViewAsync.swift; sourceTree = "<group>"; };
		67DD28182BF2FEF100ADEDE5 /* Drink.swift */ = {isa = PBXFileReference; fileEncoding = 4; lastKnownFileType = sourcecode.swift; path = Drink.swift; sourceTree = "<group>"; };
		67DD28192BF2FEF100ADEDE5 /* DrinkType.swift */ = {isa = PBXFileReference; fileEncoding = 4; lastKnownFileType = sourcecode.swift; path = DrinkType.swift; sourceTree = "<group>"; };
		67DD281D2BF2FEFF00ADEDE5 /* CoffeeData.swift */ = {isa = PBXFileReference; fileEncoding = 4; lastKnownFileType = sourcecode.swift; path = CoffeeData.swift; sourceTree = "<group>"; };
		67DD281F2BF2FF0800ADEDE5 /* CoffeeDataAsync.swift */ = {isa = PBXFileReference; fileEncoding = 4; lastKnownFileType = sourcecode.swift; path = CoffeeDataAsync.swift; sourceTree = "<group>"; };
		67DD28242BF3026700ADEDE5 /* Coffee Tracker iOS.entitlements */ = {isa = PBXFileReference; lastKnownFileType = text.plist.entitlements; path = "Coffee Tracker iOS.entitlements"; sourceTree = "<group>"; };
		67DD28252BF3154200ADEDE5 /* HealthKitController.swift */ = {isa = PBXFileReference; fileEncoding = 4; lastKnownFileType = sourcecode.swift; path = HealthKitController.swift; sourceTree = "<group>"; };
		67DD28262BF3154200ADEDE5 /* HealthKitControllerAsync.swift */ = {isa = PBXFileReference; fileEncoding = 4; lastKnownFileType = sourcecode.swift; path = HealthKitControllerAsync.swift; sourceTree = "<group>"; };
		67DD28272BF3154200ADEDE5 /* HostingController.swift */ = {isa = PBXFileReference; fileEncoding = 4; lastKnownFileType = sourcecode.swift; path = HostingController.swift; sourceTree = "<group>"; };
		67DD28282BF3154200ADEDE5 /* SplitWrapper.swift */ = {isa = PBXFileReference; fileEncoding = 4; lastKnownFileType = sourcecode.swift; path = SplitWrapper.swift; sourceTree = "<group>"; };
		67DD282E2BF31FA700ADEDE5 /* ContentView.swift */ = {isa = PBXFileReference; fileEncoding = 4; lastKnownFileType = sourcecode.swift; path = ContentView.swift; sourceTree = "<group>"; };
/* End PBXFileReference section */

/* Begin PBXFrameworksBuildPhase section */
		67DD27952BF2CE1600ADEDE5 /* Frameworks */ = {
			isa = PBXFrameworksBuildPhase;
			buildActionMask = 2147483647;
			files = (
				673D80A22BF8CF76006D20F9 /* Split in Frameworks */,
				673D809F2BF8CF42006D20F9 /* SplitRum in Frameworks */,
				673D809C2BF8CECE006D20F9 /* SplitSuite in Frameworks */,
			);
			runOnlyForDeploymentPostprocessing = 0;
		};
		67DD27E02BF2F60500ADEDE5 /* Frameworks */ = {
			isa = PBXFrameworksBuildPhase;
			buildActionMask = 2147483647;
			files = (
			);
			runOnlyForDeploymentPostprocessing = 0;
		};
		67DD27EF2BF2F69100ADEDE5 /* Frameworks */ = {
			isa = PBXFrameworksBuildPhase;
			buildActionMask = 2147483647;
			files = (
			);
			runOnlyForDeploymentPostprocessing = 0;
		};
/* End PBXFrameworksBuildPhase section */

/* Begin PBXGroup section */
		67DD278F2BF2CE1600ADEDE5 = {
			isa = PBXGroup;
			children = (
				67DD279A2BF2CE1600ADEDE5 /* Coffee Tracker iOS */,
				67DD27E42BF2F60500ADEDE5 /* Coffee Tracker iOS UI Tests */,
				67DD27F32BF2F69100ADEDE5 /* Coffee Tracker iOS Tests */,
				67DD27992BF2CE1600ADEDE5 /* Products */,
			);
			sourceTree = "<group>";
		};
		67DD27992BF2CE1600ADEDE5 /* Products */ = {
			isa = PBXGroup;
			children = (
				67DD27982BF2CE1600ADEDE5 /* Coffee Tracker iOS.app */,
				67DD27E32BF2F60500ADEDE5 /* Coffee Tracker iOS UI Tests.xctest */,
				67DD27F22BF2F69100ADEDE5 /* Coffee Tracker iOS Tests.xctest */,
			);
			name = Products;
			sourceTree = "<group>";
		};
		67DD279A2BF2CE1600ADEDE5 /* Coffee Tracker iOS */ = {
			isa = PBXGroup;
			children = (
				67DD28292BF3154200ADEDE5 /* Controllers */,
				67DD28242BF3026700ADEDE5 /* Coffee Tracker iOS.entitlements */,
				67DD281F2BF2FF0800ADEDE5 /* CoffeeDataAsync.swift */,
				67DD281D2BF2FEFF00ADEDE5 /* CoffeeData.swift */,
				67DD281A2BF2FEF100ADEDE5 /* Model */,
				67DD280B2BF2FEC900ADEDE5 /* Views */,
				67DD27C52BF2CF1300ADEDE5 /* CoffeeTrackeriOSApp.swift */,
				67DD279F2BF2CE1700ADEDE5 /* Assets.xcassets */,
				67DD27A12BF2CE1700ADEDE5 /* Preview Content */,
			);
			path = "Coffee Tracker iOS";
			sourceTree = "<group>";
		};
		67DD27A12BF2CE1700ADEDE5 /* Preview Content */ = {
			isa = PBXGroup;
			children = (
				67DD27A22BF2CE1700ADEDE5 /* Preview Assets.xcassets */,
			);
			path = "Preview Content";
			sourceTree = "<group>";
		};
		67DD27E42BF2F60500ADEDE5 /* Coffee Tracker iOS UI Tests */ = {
			isa = PBXGroup;
			children = (
				67DD27FD2BF2F96800ADEDE5 /* CoffeeTrackeriOSUITestsLaunchTests.swift */,
				67DD27FB2BF2F92600ADEDE5 /* CoffeeTrackeriOSUITests.swift */,
			);
			path = "Coffee Tracker iOS UI Tests";
			sourceTree = "<group>";
		};
		67DD27F32BF2F69100ADEDE5 /* Coffee Tracker iOS Tests */ = {
			isa = PBXGroup;
			children = (
				67DD28002BF2FB5100ADEDE5 /* CoffeeTrackeriOSTests.swift */,
			);
			path = "Coffee Tracker iOS Tests";
			sourceTree = "<group>";
		};
		67DD280B2BF2FEC900ADEDE5 /* Views */ = {
			isa = PBXGroup;
			children = (
				67DD282E2BF31FA700ADEDE5 /* ContentView.swift */,
				67DD28042BF2FEC900ADEDE5 /* CoffeeTrackerView.swift */,
				67DD28052BF2FEC900ADEDE5 /* CoffeeTrackerViewAsync.swift */,
				67DD28082BF2FEC900ADEDE5 /* ContentViewAsync.swift */,
				67DD28092BF2FEC900ADEDE5 /* DrinkListView.swift */,
				67DD280A2BF2FEC900ADEDE5 /* DrinkListViewAsync.swift */,
			);
			path = Views;
			sourceTree = "<group>";
		};
		67DD281A2BF2FEF100ADEDE5 /* Model */ = {
			isa = PBXGroup;
			children = (
				67DD28182BF2FEF100ADEDE5 /* Drink.swift */,
				67DD28192BF2FEF100ADEDE5 /* DrinkType.swift */,
			);
			path = Model;
			sourceTree = "<group>";
		};
		67DD28292BF3154200ADEDE5 /* Controllers */ = {
			isa = PBXGroup;
			children = (
				67DD28252BF3154200ADEDE5 /* HealthKitController.swift */,
				67DD28262BF3154200ADEDE5 /* HealthKitControllerAsync.swift */,
				67DD28272BF3154200ADEDE5 /* HostingController.swift */,
				67DD28282BF3154200ADEDE5 /* SplitWrapper.swift */,
			);
			path = Controllers;
			sourceTree = "<group>";
		};
/* End PBXGroup section */

/* Begin PBXNativeTarget section */
		67DD27972BF2CE1600ADEDE5 /* Coffee Tracker iOS */ = {
			isa = PBXNativeTarget;
			buildConfigurationList = 67DD27BC2BF2CE1700ADEDE5 /* Build configuration list for PBXNativeTarget "Coffee Tracker iOS" */;
			buildPhases = (
				67DD27942BF2CE1600ADEDE5 /* Sources */,
				67DD27952BF2CE1600ADEDE5 /* Frameworks */,
				67DD27962BF2CE1600ADEDE5 /* Resources */,
			);
			buildRules = (
			);
			dependencies = (
			);
			name = "Coffee Tracker iOS";
			packageProductDependencies = (
				673D809B2BF8CECE006D20F9 /* SplitSuite */,
				673D809E2BF8CF42006D20F9 /* SplitRum */,
				673D80A12BF8CF76006D20F9 /* Split */,
			);
			productName = "Coffee Tracker iOS";
			productReference = 67DD27982BF2CE1600ADEDE5 /* Coffee Tracker iOS.app */;
			productType = "com.apple.product-type.application";
		};
		67DD27E22BF2F60500ADEDE5 /* Coffee Tracker iOS UI Tests */ = {
			isa = PBXNativeTarget;
			buildConfigurationList = 67DD27EB2BF2F60600ADEDE5 /* Build configuration list for PBXNativeTarget "Coffee Tracker iOS UI Tests" */;
			buildPhases = (
				67DD27DF2BF2F60500ADEDE5 /* Sources */,
				67DD27E02BF2F60500ADEDE5 /* Frameworks */,
				67DD27E12BF2F60500ADEDE5 /* Resources */,
			);
			buildRules = (
			);
			dependencies = (
				67DD27EA2BF2F60600ADEDE5 /* PBXTargetDependency */,
			);
			name = "Coffee Tracker iOS UI Tests";
			productName = "Coffee Tracker iOS UI Tests";
			productReference = 67DD27E32BF2F60500ADEDE5 /* Coffee Tracker iOS UI Tests.xctest */;
			productType = "com.apple.product-type.bundle.ui-testing";
		};
		67DD27F12BF2F69100ADEDE5 /* Coffee Tracker iOS Tests */ = {
			isa = PBXNativeTarget;
			buildConfigurationList = 67DD27F82BF2F69100ADEDE5 /* Build configuration list for PBXNativeTarget "Coffee Tracker iOS Tests" */;
			buildPhases = (
				67DD27EE2BF2F69100ADEDE5 /* Sources */,
				67DD27EF2BF2F69100ADEDE5 /* Frameworks */,
				67DD27F02BF2F69100ADEDE5 /* Resources */,
			);
			buildRules = (
			);
			dependencies = (
				67DD27F72BF2F69100ADEDE5 /* PBXTargetDependency */,
			);
			name = "Coffee Tracker iOS Tests";
			productName = "Coffee Tracker iOS Tests";
			productReference = 67DD27F22BF2F69100ADEDE5 /* Coffee Tracker iOS Tests.xctest */;
			productType = "com.apple.product-type.bundle.unit-test";
		};
/* End PBXNativeTarget section */

/* Begin PBXProject section */
		67DD27902BF2CE1600ADEDE5 /* Project object */ = {
			isa = PBXProject;
			attributes = {
				BuildIndependentTargetsInParallel = 1;
				LastSwiftUpdateCheck = 1530;
				LastUpgradeCheck = 1530;
				TargetAttributes = {
					67DD27972BF2CE1600ADEDE5 = {
						CreatedOnToolsVersion = 15.3;
					};
					67DD27E22BF2F60500ADEDE5 = {
						CreatedOnToolsVersion = 15.3;
						TestTargetID = 67DD27972BF2CE1600ADEDE5;
					};
					67DD27F12BF2F69100ADEDE5 = {
						CreatedOnToolsVersion = 15.3;
						LastSwiftMigration = 1530;
						TestTargetID = 67DD27972BF2CE1600ADEDE5;
					};
				};
			};
			buildConfigurationList = 67DD27932BF2CE1600ADEDE5 /* Build configuration list for PBXProject "Coffee Tracker iOS" */;
			compatibilityVersion = "Xcode 14.0";
			developmentRegion = en;
			hasScannedForEncodings = 0;
			knownRegions = (
				en,
				Base,
			);
			mainGroup = 67DD278F2BF2CE1600ADEDE5;
			packageReferences = (
				673D809A2BF8CECE006D20F9 /* XCRemoteSwiftPackageReference "ios-suite" */,
				673D809D2BF8CF42006D20F9 /* XCRemoteSwiftPackageReference "ios-rum" */,
				673D80A02BF8CF76006D20F9 /* XCRemoteSwiftPackageReference "ios-client" */,
			);
			productRefGroup = 67DD27992BF2CE1600ADEDE5 /* Products */;
			projectDirPath = "";
			projectRoot = "";
			targets = (
				67DD27972BF2CE1600ADEDE5 /* Coffee Tracker iOS */,
				67DD27E22BF2F60500ADEDE5 /* Coffee Tracker iOS UI Tests */,
				67DD27F12BF2F69100ADEDE5 /* Coffee Tracker iOS Tests */,
			);
		};
/* End PBXProject section */

/* Begin PBXResourcesBuildPhase section */
		67DD27962BF2CE1600ADEDE5 /* Resources */ = {
			isa = PBXResourcesBuildPhase;
			buildActionMask = 2147483647;
			files = (
				67DD27A32BF2CE1700ADEDE5 /* Preview Assets.xcassets in Resources */,
				67DD27A02BF2CE1700ADEDE5 /* Assets.xcassets in Resources */,
			);
			runOnlyForDeploymentPostprocessing = 0;
		};
		67DD27E12BF2F60500ADEDE5 /* Resources */ = {
			isa = PBXResourcesBuildPhase;
			buildActionMask = 2147483647;
			files = (
			);
			runOnlyForDeploymentPostprocessing = 0;
		};
		67DD27F02BF2F69100ADEDE5 /* Resources */ = {
			isa = PBXResourcesBuildPhase;
			buildActionMask = 2147483647;
			files = (
			);
			runOnlyForDeploymentPostprocessing = 0;
		};
/* End PBXResourcesBuildPhase section */

/* Begin PBXSourcesBuildPhase section */
		67DD27942BF2CE1600ADEDE5 /* Sources */ = {
			isa = PBXSourcesBuildPhase;
			buildActionMask = 2147483647;
			files = (
				67DD28122BF2FEC900ADEDE5 /* DrinkListViewAsync.swift in Sources */,
				67DD281B2BF2FEF100ADEDE5 /* Drink.swift in Sources */,
				67DD282F2BF31FA700ADEDE5 /* ContentView.swift in Sources */,
				67DD282C2BF3154200ADEDE5 /* HostingController.swift in Sources */,
				67DD282D2BF3154200ADEDE5 /* SplitWrapper.swift in Sources */,
				67DD282A2BF3154200ADEDE5 /* HealthKitController.swift in Sources */,
				67DD281C2BF2FEF100ADEDE5 /* DrinkType.swift in Sources */,
				67DD27C62BF2CF1300ADEDE5 /* CoffeeTrackeriOSApp.swift in Sources */,
				67DD280D2BF2FEC900ADEDE5 /* CoffeeTrackerViewAsync.swift in Sources */,
				67DD282B2BF3154200ADEDE5 /* HealthKitControllerAsync.swift in Sources */,
				67DD28102BF2FEC900ADEDE5 /* ContentViewAsync.swift in Sources */,
				67DD281E2BF2FEFF00ADEDE5 /* CoffeeData.swift in Sources */,
				67DD28202BF2FF0800ADEDE5 /* CoffeeDataAsync.swift in Sources */,
				67DD280C2BF2FEC900ADEDE5 /* CoffeeTrackerView.swift in Sources */,
				67DD28112BF2FEC900ADEDE5 /* DrinkListView.swift in Sources */,
			);
			runOnlyForDeploymentPostprocessing = 0;
		};
		67DD27DF2BF2F60500ADEDE5 /* Sources */ = {
			isa = PBXSourcesBuildPhase;
			buildActionMask = 2147483647;
			files = (
				67DD27FC2BF2F92700ADEDE5 /* CoffeeTrackeriOSUITests.swift in Sources */,
				67DD27FE2BF2F96800ADEDE5 /* CoffeeTrackeriOSUITestsLaunchTests.swift in Sources */,
			);
			runOnlyForDeploymentPostprocessing = 0;
		};
		67DD27EE2BF2F69100ADEDE5 /* Sources */ = {
			isa = PBXSourcesBuildPhase;
			buildActionMask = 2147483647;
			files = (
				67DD28012BF2FB5100ADEDE5 /* CoffeeTrackeriOSTests.swift in Sources */,
			);
			runOnlyForDeploymentPostprocessing = 0;
		};
/* End PBXSourcesBuildPhase section */

/* Begin PBXTargetDependency section */
		67DD27EA2BF2F60600ADEDE5 /* PBXTargetDependency */ = {
			isa = PBXTargetDependency;
			target = 67DD27972BF2CE1600ADEDE5 /* Coffee Tracker iOS */;
			targetProxy = 67DD27E92BF2F60600ADEDE5 /* PBXContainerItemProxy */;
		};
		67DD27F72BF2F69100ADEDE5 /* PBXTargetDependency */ = {
			isa = PBXTargetDependency;
			target = 67DD27972BF2CE1600ADEDE5 /* Coffee Tracker iOS */;
			targetProxy = 67DD27F62BF2F69100ADEDE5 /* PBXContainerItemProxy */;
		};
/* End PBXTargetDependency section */

/* Begin XCBuildConfiguration section */
		67DD27BA2BF2CE1700ADEDE5 /* Debug */ = {
			isa = XCBuildConfiguration;
			buildSettings = {
				ALWAYS_SEARCH_USER_PATHS = NO;
				ASSETCATALOG_COMPILER_GENERATE_SWIFT_ASSET_SYMBOL_EXTENSIONS = YES;
				CLANG_ANALYZER_NONNULL = YES;
				CLANG_ANALYZER_NUMBER_OBJECT_CONVERSION = YES_AGGRESSIVE;
				CLANG_CXX_LANGUAGE_STANDARD = "gnu++20";
				CLANG_ENABLE_MODULES = YES;
				CLANG_ENABLE_OBJC_ARC = YES;
				CLANG_ENABLE_OBJC_WEAK = YES;
				CLANG_WARN_BLOCK_CAPTURE_AUTORELEASING = YES;
				CLANG_WARN_BOOL_CONVERSION = YES;
				CLANG_WARN_COMMA = YES;
				CLANG_WARN_CONSTANT_CONVERSION = YES;
				CLANG_WARN_DEPRECATED_OBJC_IMPLEMENTATIONS = YES;
				CLANG_WARN_DIRECT_OBJC_ISA_USAGE = YES_ERROR;
				CLANG_WARN_DOCUMENTATION_COMMENTS = YES;
				CLANG_WARN_EMPTY_BODY = YES;
				CLANG_WARN_ENUM_CONVERSION = YES;
				CLANG_WARN_INFINITE_RECURSION = YES;
				CLANG_WARN_INT_CONVERSION = YES;
				CLANG_WARN_NON_LITERAL_NULL_CONVERSION = YES;
				CLANG_WARN_OBJC_IMPLICIT_RETAIN_SELF = YES;
				CLANG_WARN_OBJC_LITERAL_CONVERSION = YES;
				CLANG_WARN_OBJC_ROOT_CLASS = YES_ERROR;
				CLANG_WARN_QUOTED_INCLUDE_IN_FRAMEWORK_HEADER = YES;
				CLANG_WARN_RANGE_LOOP_ANALYSIS = YES;
				CLANG_WARN_STRICT_PROTOTYPES = YES;
				CLANG_WARN_SUSPICIOUS_MOVE = YES;
				CLANG_WARN_UNGUARDED_AVAILABILITY = YES_AGGRESSIVE;
				CLANG_WARN_UNREACHABLE_CODE = YES;
				CLANG_WARN__DUPLICATE_METHOD_MATCH = YES;
				COPY_PHASE_STRIP = NO;
				DEBUG_INFORMATION_FORMAT = dwarf;
				ENABLE_STRICT_OBJC_MSGSEND = YES;
				ENABLE_TESTABILITY = YES;
				ENABLE_USER_SCRIPT_SANDBOXING = YES;
				GCC_C_LANGUAGE_STANDARD = gnu17;
				GCC_DYNAMIC_NO_PIC = NO;
				GCC_NO_COMMON_BLOCKS = YES;
				GCC_OPTIMIZATION_LEVEL = 0;
				GCC_PREPROCESSOR_DEFINITIONS = (
					"DEBUG=1",
					"$(inherited)",
				);
				GCC_WARN_64_TO_32_BIT_CONVERSION = YES;
				GCC_WARN_ABOUT_RETURN_TYPE = YES_ERROR;
				GCC_WARN_UNDECLARED_SELECTOR = YES;
				GCC_WARN_UNINITIALIZED_AUTOS = YES_AGGRESSIVE;
				GCC_WARN_UNUSED_FUNCTION = YES;
				GCC_WARN_UNUSED_VARIABLE = YES;
				IPHONEOS_DEPLOYMENT_TARGET = 14.0;
				LOCALIZATION_PREFERS_STRING_CATALOGS = YES;
				MTL_ENABLE_DEBUG_INFO = INCLUDE_SOURCE;
				MTL_FAST_MATH = YES;
				ONLY_ACTIVE_ARCH = YES;
				SDKROOT = iphoneos;
				SWIFT_ACTIVE_COMPILATION_CONDITIONS = "DEBUG $(inherited)";
				SWIFT_OPTIMIZATION_LEVEL = "-Onone";
			};
			name = Debug;
		};
		67DD27BB2BF2CE1700ADEDE5 /* Release */ = {
			isa = XCBuildConfiguration;
			buildSettings = {
				ALWAYS_SEARCH_USER_PATHS = NO;
				ASSETCATALOG_COMPILER_GENERATE_SWIFT_ASSET_SYMBOL_EXTENSIONS = YES;
				CLANG_ANALYZER_NONNULL = YES;
				CLANG_ANALYZER_NUMBER_OBJECT_CONVERSION = YES_AGGRESSIVE;
				CLANG_CXX_LANGUAGE_STANDARD = "gnu++20";
				CLANG_ENABLE_MODULES = YES;
				CLANG_ENABLE_OBJC_ARC = YES;
				CLANG_ENABLE_OBJC_WEAK = YES;
				CLANG_WARN_BLOCK_CAPTURE_AUTORELEASING = YES;
				CLANG_WARN_BOOL_CONVERSION = YES;
				CLANG_WARN_COMMA = YES;
				CLANG_WARN_CONSTANT_CONVERSION = YES;
				CLANG_WARN_DEPRECATED_OBJC_IMPLEMENTATIONS = YES;
				CLANG_WARN_DIRECT_OBJC_ISA_USAGE = YES_ERROR;
				CLANG_WARN_DOCUMENTATION_COMMENTS = YES;
				CLANG_WARN_EMPTY_BODY = YES;
				CLANG_WARN_ENUM_CONVERSION = YES;
				CLANG_WARN_INFINITE_RECURSION = YES;
				CLANG_WARN_INT_CONVERSION = YES;
				CLANG_WARN_NON_LITERAL_NULL_CONVERSION = YES;
				CLANG_WARN_OBJC_IMPLICIT_RETAIN_SELF = YES;
				CLANG_WARN_OBJC_LITERAL_CONVERSION = YES;
				CLANG_WARN_OBJC_ROOT_CLASS = YES_ERROR;
				CLANG_WARN_QUOTED_INCLUDE_IN_FRAMEWORK_HEADER = YES;
				CLANG_WARN_RANGE_LOOP_ANALYSIS = YES;
				CLANG_WARN_STRICT_PROTOTYPES = YES;
				CLANG_WARN_SUSPICIOUS_MOVE = YES;
				CLANG_WARN_UNGUARDED_AVAILABILITY = YES_AGGRESSIVE;
				CLANG_WARN_UNREACHABLE_CODE = YES;
				CLANG_WARN__DUPLICATE_METHOD_MATCH = YES;
				COPY_PHASE_STRIP = NO;
				DEBUG_INFORMATION_FORMAT = "dwarf-with-dsym";
				ENABLE_NS_ASSERTIONS = NO;
				ENABLE_STRICT_OBJC_MSGSEND = YES;
				ENABLE_USER_SCRIPT_SANDBOXING = YES;
				GCC_C_LANGUAGE_STANDARD = gnu17;
				GCC_NO_COMMON_BLOCKS = YES;
				GCC_WARN_64_TO_32_BIT_CONVERSION = YES;
				GCC_WARN_ABOUT_RETURN_TYPE = YES_ERROR;
				GCC_WARN_UNDECLARED_SELECTOR = YES;
				GCC_WARN_UNINITIALIZED_AUTOS = YES_AGGRESSIVE;
				GCC_WARN_UNUSED_FUNCTION = YES;
				GCC_WARN_UNUSED_VARIABLE = YES;
				IPHONEOS_DEPLOYMENT_TARGET = 14.0;
				LOCALIZATION_PREFERS_STRING_CATALOGS = YES;
				MTL_ENABLE_DEBUG_INFO = NO;
				MTL_FAST_MATH = YES;
				SDKROOT = iphoneos;
				SWIFT_COMPILATION_MODE = wholemodule;
				VALIDATE_PRODUCT = YES;
			};
			name = Release;
		};
		67DD27BD2BF2CE1700ADEDE5 /* Debug */ = {
			isa = XCBuildConfiguration;
			buildSettings = {
				ASSETCATALOG_COMPILER_APPICON_NAME = AppIcon;
				ASSETCATALOG_COMPILER_GLOBAL_ACCENT_COLOR_NAME = AccentColor;
				CODE_SIGN_ENTITLEMENTS = "Coffee Tracker iOS/Coffee Tracker iOS.entitlements";
				CODE_SIGN_STYLE = Automatic;
				CURRENT_PROJECT_VERSION = 1;
				DEVELOPMENT_ASSET_PATHS = "\"Coffee Tracker iOS/Preview Content\"";
				ENABLE_PREVIEWS = YES;
				GENERATE_INFOPLIST_FILE = YES;
				INFOPLIST_KEY_NSHealthShareUsageDescription = "Allow Coffee Tracker to read drinks from your health data";
				INFOPLIST_KEY_NSHealthUpdateUsageDescription = "Allow Coffee Tracker to write drinks to your health data";
				INFOPLIST_KEY_UIApplicationSceneManifest_Generation = YES;
				INFOPLIST_KEY_UIApplicationSupportsIndirectInputEvents = YES;
				INFOPLIST_KEY_UILaunchScreen_Generation = YES;
				INFOPLIST_KEY_UISupportedInterfaceOrientations_iPad = "UIInterfaceOrientationPortrait UIInterfaceOrientationPortraitUpsideDown UIInterfaceOrientationLandscapeLeft UIInterfaceOrientationLandscapeRight";
				INFOPLIST_KEY_UISupportedInterfaceOrientations_iPhone = "UIInterfaceOrientationPortrait UIInterfaceOrientationLandscapeLeft UIInterfaceOrientationLandscapeRight";
				LD_RUNPATH_SEARCH_PATHS = (
					"$(inherited)",
					"@executable_path/Frameworks",
				);
				MARKETING_VERSION = 1.0;
				PRODUCT_BUNDLE_IDENTIFIER = "splitio-examples.Coffee-Tracker-iOS";
				PRODUCT_NAME = "$(TARGET_NAME)";
				SWIFT_EMIT_LOC_STRINGS = YES;
				SWIFT_VERSION = 5.0;
				TARGETED_DEVICE_FAMILY = "1,2";
			};
			name = Debug;
		};
		67DD27BE2BF2CE1700ADEDE5 /* Release */ = {
			isa = XCBuildConfiguration;
			buildSettings = {
				ASSETCATALOG_COMPILER_APPICON_NAME = AppIcon;
				ASSETCATALOG_COMPILER_GLOBAL_ACCENT_COLOR_NAME = AccentColor;
				CODE_SIGN_ENTITLEMENTS = "Coffee Tracker iOS/Coffee Tracker iOS.entitlements";
				CODE_SIGN_STYLE = Automatic;
				CURRENT_PROJECT_VERSION = 1;
				DEVELOPMENT_ASSET_PATHS = "\"Coffee Tracker iOS/Preview Content\"";
				ENABLE_PREVIEWS = YES;
				GENERATE_INFOPLIST_FILE = YES;
				INFOPLIST_KEY_NSHealthShareUsageDescription = "Allow Coffee Tracker to read drinks from your health data";
				INFOPLIST_KEY_NSHealthUpdateUsageDescription = "Allow Coffee Tracker to write drinks to your health data";
				INFOPLIST_KEY_UIApplicationSceneManifest_Generation = YES;
				INFOPLIST_KEY_UIApplicationSupportsIndirectInputEvents = YES;
				INFOPLIST_KEY_UILaunchScreen_Generation = YES;
				INFOPLIST_KEY_UISupportedInterfaceOrientations_iPad = "UIInterfaceOrientationPortrait UIInterfaceOrientationPortraitUpsideDown UIInterfaceOrientationLandscapeLeft UIInterfaceOrientationLandscapeRight";
				INFOPLIST_KEY_UISupportedInterfaceOrientations_iPhone = "UIInterfaceOrientationPortrait UIInterfaceOrientationLandscapeLeft UIInterfaceOrientationLandscapeRight";
				LD_RUNPATH_SEARCH_PATHS = (
					"$(inherited)",
					"@executable_path/Frameworks",
				);
				MARKETING_VERSION = 1.0;
				PRODUCT_BUNDLE_IDENTIFIER = "splitio-examples.Coffee-Tracker-iOS";
				PRODUCT_NAME = "$(TARGET_NAME)";
				SWIFT_EMIT_LOC_STRINGS = YES;
				SWIFT_VERSION = 5.0;
				TARGETED_DEVICE_FAMILY = "1,2";
			};
			name = Release;
		};
		67DD27EC2BF2F60600ADEDE5 /* Debug */ = {
			isa = XCBuildConfiguration;
			buildSettings = {
				CODE_SIGN_STYLE = Automatic;
				CURRENT_PROJECT_VERSION = 1;
				GENERATE_INFOPLIST_FILE = YES;
				MARKETING_VERSION = 1.0;
				PRODUCT_BUNDLE_IDENTIFIER = "splitio-examples.Coffee-Tracker-iOS-UI-Tests";
				PRODUCT_NAME = "$(TARGET_NAME)";
				SWIFT_EMIT_LOC_STRINGS = NO;
				SWIFT_VERSION = 5.0;
				TARGETED_DEVICE_FAMILY = "1,2";
				TEST_TARGET_NAME = "Coffee Tracker iOS";
			};
			name = Debug;
		};
		67DD27ED2BF2F60600ADEDE5 /* Release */ = {
			isa = XCBuildConfiguration;
			buildSettings = {
				CODE_SIGN_STYLE = Automatic;
				CURRENT_PROJECT_VERSION = 1;
				GENERATE_INFOPLIST_FILE = YES;
				MARKETING_VERSION = 1.0;
				PRODUCT_BUNDLE_IDENTIFIER = "splitio-examples.Coffee-Tracker-iOS-UI-Tests";
				PRODUCT_NAME = "$(TARGET_NAME)";
				SWIFT_EMIT_LOC_STRINGS = NO;
				SWIFT_VERSION = 5.0;
				TARGETED_DEVICE_FAMILY = "1,2";
				TEST_TARGET_NAME = "Coffee Tracker iOS";
			};
			name = Release;
		};
		67DD27F92BF2F69100ADEDE5 /* Debug */ = {
			isa = XCBuildConfiguration;
			buildSettings = {
				BUNDLE_LOADER = "$(TEST_HOST)";
				CLANG_ENABLE_MODULES = YES;
				CODE_SIGN_STYLE = Automatic;
				CURRENT_PROJECT_VERSION = 1;
				GENERATE_INFOPLIST_FILE = YES;
				MARKETING_VERSION = 1.0;
				PRODUCT_BUNDLE_IDENTIFIER = "splitio-examples.Coffee-Tracker-iOS-Tests";
				PRODUCT_NAME = "$(TARGET_NAME)";
				SWIFT_EMIT_LOC_STRINGS = NO;
				SWIFT_OBJC_BRIDGING_HEADER = "Coffee Tracker iOS Tests/Coffee Tracker iOS Tests-Bridging-Header.h";
				SWIFT_OPTIMIZATION_LEVEL = "-Onone";
				SWIFT_VERSION = 5.0;
				TARGETED_DEVICE_FAMILY = "1,2";
				TEST_HOST = "$(BUILT_PRODUCTS_DIR)/Coffee Tracker iOS.app/$(BUNDLE_EXECUTABLE_FOLDER_PATH)/Coffee Tracker iOS";
			};
			name = Debug;
		};
		67DD27FA2BF2F69100ADEDE5 /* Release */ = {
			isa = XCBuildConfiguration;
			buildSettings = {
				BUNDLE_LOADER = "$(TEST_HOST)";
				CLANG_ENABLE_MODULES = YES;
				CODE_SIGN_STYLE = Automatic;
				CURRENT_PROJECT_VERSION = 1;
				GENERATE_INFOPLIST_FILE = YES;
				MARKETING_VERSION = 1.0;
				PRODUCT_BUNDLE_IDENTIFIER = "splitio-examples.Coffee-Tracker-iOS-Tests";
				PRODUCT_NAME = "$(TARGET_NAME)";
				SWIFT_EMIT_LOC_STRINGS = NO;
				SWIFT_OBJC_BRIDGING_HEADER = "Coffee Tracker iOS Tests/Coffee Tracker iOS Tests-Bridging-Header.h";
				SWIFT_VERSION = 5.0;
				TARGETED_DEVICE_FAMILY = "1,2";
				TEST_HOST = "$(BUILT_PRODUCTS_DIR)/Coffee Tracker iOS.app/$(BUNDLE_EXECUTABLE_FOLDER_PATH)/Coffee Tracker iOS";
			};
			name = Release;
		};
/* End XCBuildConfiguration section */

/* Begin XCConfigurationList section */
		67DD27932BF2CE1600ADEDE5 /* Build configuration list for PBXProject "Coffee Tracker iOS" */ = {
			isa = XCConfigurationList;
			buildConfigurations = (
				67DD27BA2BF2CE1700ADEDE5 /* Debug */,
				67DD27BB2BF2CE1700ADEDE5 /* Release */,
			);
			defaultConfigurationIsVisible = 0;
			defaultConfigurationName = Release;
		};
		67DD27BC2BF2CE1700ADEDE5 /* Build configuration list for PBXNativeTarget "Coffee Tracker iOS" */ = {
			isa = XCConfigurationList;
			buildConfigurations = (
				67DD27BD2BF2CE1700ADEDE5 /* Debug */,
				67DD27BE2BF2CE1700ADEDE5 /* Release */,
			);
			defaultConfigurationIsVisible = 0;
			defaultConfigurationName = Release;
		};
		67DD27EB2BF2F60600ADEDE5 /* Build configuration list for PBXNativeTarget "Coffee Tracker iOS UI Tests" */ = {
			isa = XCConfigurationList;
			buildConfigurations = (
				67DD27EC2BF2F60600ADEDE5 /* Debug */,
				67DD27ED2BF2F60600ADEDE5 /* Release */,
			);
			defaultConfigurationIsVisible = 0;
			defaultConfigurationName = Release;
		};
		67DD27F82BF2F69100ADEDE5 /* Build configuration list for PBXNativeTarget "Coffee Tracker iOS Tests" */ = {
			isa = XCConfigurationList;
			buildConfigurations = (
				67DD27F92BF2F69100ADEDE5 /* Debug */,
				67DD27FA2BF2F69100ADEDE5 /* Release */,
			);
			defaultConfigurationIsVisible = 0;
			defaultConfigurationName = Release;
		};
/* End XCConfigurationList section */

/* Begin XCRemoteSwiftPackageReference section */
		673D809A2BF8CECE006D20F9 /* XCRemoteSwiftPackageReference "ios-suite" */ = {
			isa = XCRemoteSwiftPackageReference;
			repositoryURL = "https://github.com/splitio/ios-suite";
			requirement = {
				kind = upToNextMajorVersion;
				minimumVersion = 1.1.0;
			};
		};
		673D809D2BF8CF42006D20F9 /* XCRemoteSwiftPackageReference "ios-rum" */ = {
			isa = XCRemoteSwiftPackageReference;
			repositoryURL = "https://github.com/splitio/ios-rum";
			requirement = {
				kind = upToNextMajorVersion;
				minimumVersion = 0.4.0;
			};
		};
		673D80A02BF8CF76006D20F9 /* XCRemoteSwiftPackageReference "ios-client" */ = {
			isa = XCRemoteSwiftPackageReference;
			repositoryURL = "https://github.com/splitio/ios-client";
			requirement = {
				kind = upToNextMajorVersion;
				minimumVersion = 2.24.7;
			};
		};
/* End XCRemoteSwiftPackageReference section */

/* Begin XCSwiftPackageProductDependency section */
		673D809B2BF8CECE006D20F9 /* SplitSuite */ = {
			isa = XCSwiftPackageProductDependency;
			package = 673D809A2BF8CECE006D20F9 /* XCRemoteSwiftPackageReference "ios-suite" */;
			productName = SplitSuite;
		};
		673D809E2BF8CF42006D20F9 /* SplitRum */ = {
			isa = XCSwiftPackageProductDependency;
			package = 673D809D2BF8CF42006D20F9 /* XCRemoteSwiftPackageReference "ios-rum" */;
			productName = SplitRum;
		};
		673D80A12BF8CF76006D20F9 /* Split */ = {
			isa = XCSwiftPackageProductDependency;
			package = 673D80A02BF8CF76006D20F9 /* XCRemoteSwiftPackageReference "ios-client" */;
			productName = Split;
		};
/* End XCSwiftPackageProductDependency section */
	};
	rootObject = 67DD27902BF2CE1600ADEDE5 /* Project object */;
}
